
Microsoft Visual Studio Solution File, Format Version 12.00
# Visual Studio Version 17
VisualStudioVersion = 17.5.33414.496
MinimumVisualStudioVersion = 10.0.40219.1
Project("{8BC9CEB8-8B4A-11D0-8D11-00A0C91BC942}") = "ParadigmaOOP_178", "ParadigmaOOP_178\ParadigmaOOP_178.vcxproj", "{63BA8BD0-2024-49E2-87B5-B1E3AB4947BB}"
EndProject
Project("{8BC9CEB8-8B4A-11D0-8D11-00A0C91BC942}") = "mainIA", "mainIA\mainIA.vcxproj", "{CA31ABE3-606A-4EFE-ABE2-C868ED82BA3A}"
EndProject
Project("{8BC9CEB8-8B4A-11D0-8D11-00A0C91BC942}") = "Asosiasi", "Asosiasi\Asosiasi.vcxproj", "{CB47AB78-919C-4F98-8D01-3B9E4BA1376C}"
EndProject
Project("{8BC9CEB8-8B4A-11D0-8D11-00A0C91BC942}") = "MemberInitList", "MemberInitList\MemberInitList.vcxproj", "{F63A5E71-1492-4697-96EF-4E2A95E55049}"
EndProject
Project("{8BC9CEB8-8B4A-11D0-8D11-00A0C91BC942}") = "mainJM", "mainJM\mainJM.vcxproj", "{513B9D7E-648C-4C8D-A8A8-7CF9B986ADA5}"
EndProject
Global
	GlobalSection(SolutionConfigurationPlatforms) = preSolution
		Debug|x64 = Debug|x64
		Debug|x86 = Debug|x86
		Release|x64 = Release|x64
		Release|x86 = Release|x86
	EndGlobalSection
	GlobalSection(ProjectConfigurationPlatforms) = postSolution
		{63BA8BD0-2024-49E2-87B5-B1E3AB4947BB}.Debug|x64.ActiveCfg = Debug|x64
		{63BA8BD0-2024-49E2-87B5-B1E3AB4947BB}.Debug|x64.Build.0 = Debug|x64
		{63BA8BD0-2024-49E2-87B5-B1E3AB4947BB}.Debug|x86.ActiveCfg = Debug|Win32
		{63BA8BD0-2024-49E2-87B5-B1E3AB4947BB}.Debug|x86.Build.0 = Debug|Win32
		{63BA8BD0-2024-49E2-87B5-B1E3AB4947BB}.Release|x64.ActiveCfg = Release|x64
		{63BA8BD0-2024-49E2-87B5-B1E3AB4947BB}.Release|x64.Build.0 = Release|x64
		{63BA8BD0-2024-49E2-87B5-B1E3AB4947BB}.Release|x86.ActiveCfg = Release|Win32
		{63BA8BD0-2024-49E2-87B5-B1E3AB4947BB}.Release|x86.Build.0 = Release|Win32
		{CA31ABE3-606A-4EFE-ABE2-C868ED82BA3A}.Debug|x64.ActiveCfg = Debug|x64
		{CA31ABE3-606A-4EFE-ABE2-C868ED82BA3A}.Debug|x64.Build.0 = Debug|x64
		{CA31ABE3-606A-4EFE-ABE2-C868ED82BA3A}.Debug|x86.ActiveCfg = Debug|Win32
		{CA31ABE3-606A-4EFE-ABE2-C868ED82BA3A}.Debug|x86.Build.0 = Debug|Win32
		{CA31ABE3-606A-4EFE-ABE2-C868ED82BA3A}.Release|x64.ActiveCfg = Release|x64
		{CA31ABE3-606A-4EFE-ABE2-C868ED82BA3A}.Release|x64.Build.0 = Release|x64
		{CA31ABE3-606A-4EFE-ABE2-C868ED82BA3A}.Release|x86.ActiveCfg = Release|Win32
		{CA31ABE3-606A-4EFE-ABE2-C868ED82BA3A}.Release|x86.Build.0 = Release|Win32
		{CB47AB78-919C-4F98-8D01-3B9E4BA1376C}.Debug|x64.ActiveCfg = Debug|x64
		{CB47AB78-919C-4F98-8D01-3B9E4BA1376C}.Debug|x64.Build.0 = Debug|x64
		{CB47AB78-919C-4F98-8D01-3B9E4BA1376C}.Debug|x86.ActiveCfg = Debug|Win32
		{CB47AB78-919C-4F98-8D01-3B9E4BA1376C}.Debug|x86.Build.0 = Debug|Win32
		{CB47AB78-919C-4F98-8D01-3B9E4BA1376C}.Release|x64.ActiveCfg = Release|x64
		{CB47AB78-919C-4F98-8D01-3B9E4BA1376C}.Release|x64.Build.0 = Release|x64
		{CB47AB78-919C-4F98-8D01-3B9E4BA1376C}.Release|x86.ActiveCfg = Release|Win32
		{CB47AB78-919C-4F98-8D01-3B9E4BA1376C}.Release|x86.Build.0 = Release|Win32
		{F63A5E71-1492-4697-96EF-4E2A95E55049}.Debug|x64.ActiveCfg = Debug|x64
		{F63A5E71-1492-4697-96EF-4E2A95E55049}.Debug|x64.Build.0 = Debug|x64
		{F63A5E71-1492-4697-96EF-4E2A95E55049}.Debug|x86.ActiveCfg = Debug|Win32
		{F63A5E71-1492-4697-96EF-4E2A95E55049}.Debug|x86.Build.0 = Debug|Win32
		{F63A5E71-1492-4697-96EF-4E2A95E55049}.Release|x64.ActiveCfg = Release|x64
		{F63A5E71-1492-4697-96EF-4E2A95E55049}.Release|x64.Build.0 = Release|x64
		{F63A5E71-1492-4697-96EF-4E2A95E55049}.Release|x86.ActiveCfg = Release|Win32
		{F63A5E71-1492-4697-96EF-4E2A95E55049}.Release|x86.Build.0 = Release|Win32
		{513B9D7E-648C-4C8D-A8A8-7CF9B986ADA5}.Debug|x64.ActiveCfg = Debug|x64
		{513B9D7E-648C-4C8D-A8A8-7CF9B986ADA5}.Debug|x64.Build.0 = Debug|x64
		{513B9D7E-648C-4C8D-A8A8-7CF9B986ADA5}.Debug|x86.ActiveCfg = Debug|Win32
		{513B9D7E-648C-4C8D-A8A8-7CF9B986ADA5}.Debug|x86.Build.0 = Debug|Win32
		{513B9D7E-648C-4C8D-A8A8-7CF9B986ADA5}.Release|x64.ActiveCfg = Release|x64
		{513B9D7E-648C-4C8D-A8A8-7CF9B986ADA5}.Release|x64.Build.0 = Release|x64
		{513B9D7E-648C-4C8D-A8A8-7CF9B986ADA5}.Release|x86.ActiveCfg = Release|Win32
		{513B9D7E-648C-4C8D-A8A8-7CF9B986ADA5}.Release|x86.Build.0 = Release|Win32
	EndGlobalSection
	GlobalSection(SolutionProperties) = preSolution
		HideSolutionNode = FALSE
	EndGlobalSection
	GlobalSection(ExtensibilityGlobals) = postSolution
		SolutionGuid = {1BFF65BD-8F3C-4A75-B383-ED7778C672DB}
	EndGlobalSection
EndGlobal
